
Microsoft Visual Studio Solution File, Format Version 12.00
# Visual Studio 15
VisualStudioVersion = 15.0.27703.2000
MinimumVisualStudioVersion = 10.0.40219.1
Project("{FAE04EC0-301F-11D3-BF4B-00C04F79EFBC}") = "RegistroDeLibros", "RegistroDeLibros\RegistroDeLibros.csproj", "{AD60C7AB-6E93-474B-BF58-719A56A0FCE3}"
EndProject
Global
	GlobalSection(SolutionConfigurationPlatforms) = preSolution
		Debug|Any CPU = Debug|Any CPU
		Release|Any CPU = Release|Any CPU
	EndGlobalSection
	GlobalSection(ProjectConfigurationPlatforms) = postSolution
		{AD60C7AB-6E93-474B-BF58-719A56A0FCE3}.Debug|Any CPU.ActiveCfg = Debug|Any CPU
		{AD60C7AB-6E93-474B-BF58-719A56A0FCE3}.Debug|Any CPU.Build.0 = Debug|Any CPU
		{AD60C7AB-6E93-474B-BF58-719A56A0FCE3}.Release|Any CPU.ActiveCfg = Release|Any CPU
		{AD60C7AB-6E93-474B-BF58-719A56A0FCE3}.Release|Any CPU.Build.0 = Release|Any CPU
	EndGlobalSection
	GlobalSection(SolutionProperties) = preSolution
		HideSolutionNode = FALSE
	EndGlobalSection
	GlobalSection(ExtensibilityGlobals) = postSolution
		SolutionGuid = {F98A271B-9C0F-4C95-8DAF-9D62BD824C67}
	EndGlobalSection
EndGlobal
